{
    "name": "src",
    "lockfileVersion": 2,
    "requires": true,
    "packages": {
        "": {
            "devDependencies": {
                "@types/node-cron": "^2.0.4"
            }
        },
        "node_modules/@types/node-cron": {
            "version": "2.0.4",
            "resolved": "https://registry.npmjs.org/@types/node-cron/-/node-cron-2.0.4.tgz",
            "integrity": "sha512-vXzgDRWCZpuut5wJVZtluEnkNhzGojYlyMch2c4kMj7H74L8xTLytVlgQzj+/17wfcjs49aJDFBDglFSGt7GeA==",
            "dev": true,
            "dependencies": {
                "@types/tz-offset": "*"
            }
        },
        "node_modules/@types/tz-offset": {
            "version": "0.0.0",
            "resolved": "https://registry.npmjs.org/@types/tz-offset/-/tz-offset-0.0.0.tgz",
            "integrity": "sha512-XLD/llTSB6EBe3thkN+/I0L+yCTB6sjrcVovQdx2Cnl6N6bTzHmwe/J8mWnsXFgxLrj/emzdv8IR4evKYG2qxQ==",
            "dev": true
        }
    },
    "dependencies": {
        "@types/node-cron": {
            "version": "2.0.4",
            "resolved": "https://registry.npmjs.org/@types/node-cron/-/node-cron-2.0.4.tgz",
            "integrity": "sha512-vXzgDRWCZpuut5wJVZtluEnkNhzGojYlyMch2c4kMj7H74L8xTLytVlgQzj+/17wfcjs49aJDFBDglFSGt7GeA==",
            "dev": true,
            "requires": {
                "@types/tz-offset": "*"
            }
        },
        "@types/tz-offset": {
            "version": "0.0.0",
            "resolved": "https://registry.npmjs.org/@types/tz-offset/-/tz-offset-0.0.0.tgz",
            "integrity": "sha512-XLD/llTSB6EBe3thkN+/I0L+yCTB6sjrcVovQdx2Cnl6N6bTzHmwe/J8mWnsXFgxLrj/emzdv8IR4evKYG2qxQ==",
            "dev": true
        }
    }
}
